
Microsoft Visual Studio Solution File, Format Version 12.00
# Visual Studio Version 16
VisualStudioVersion = 16.0.29306.81
MinimumVisualStudioVersion = 10.0.40219.1
Project("{9A19103F-16F7-4668-BE54-9A1E7A4F7556}") = "CurrencyChecker", "CurrencyChecker\CurrencyChecker.csproj", "{D178256E-0784-486D-A177-E848AB923ECB}"
EndProject
Project("{2150E333-8FDC-42A3-9474-1A3956D46DE8}") = "Adapters", "Adapters", "{05C6D48F-509E-49CC-A525-52EE5806F120}"
EndProject
Project("{2150E333-8FDC-42A3-9474-1A3956D46DE8}") = "Clients", "Clients", "{5F1D7DE8-216B-42C2-AE5E-1B9F41B63D4B}"
EndProject
Project("{2150E333-8FDC-42A3-9474-1A3956D46DE8}") = "Common", "Common", "{7A3E25E5-8EA2-4CEA-B289-3397D814383C}"
EndProject
Project("{2150E333-8FDC-42A3-9474-1A3956D46DE8}") = "Bps", "Bps", "{039D7BCC-7ABF-4620-A489-EF29D221324F}"
EndProject
Project("{2150E333-8FDC-42A3-9474-1A3956D46DE8}") = "Idea", "Idea", "{5FC8951D-D54D-4147-8152-946E01505172}"
EndProject
Project("{9A19103F-16F7-4668-BE54-9A1E7A4F7556}") = "Adapters.Clients.Bps", "Adapters\Clients\Bps\Adapters.Bps\Adapters.Clients.Bps.csproj", "{D11FCDEB-8E45-47A8-8880-FD0834711D2B}"
EndProject
Project("{9A19103F-16F7-4668-BE54-9A1E7A4F7556}") = "Adapters.Clients.Idea", "Adapters\Clients\Idea\Adapters.Idea\Adapters.Clients.Idea.csproj", "{506CA648-55DA-4942-A2A4-4E7A64995F88}"
EndProject
Project("{9A19103F-16F7-4668-BE54-9A1E7A4F7556}") = "Adapters.Common", "Adapters\Common\Adapters.Common\Adapters.Common.csproj", "{17C53D33-1696-4B69-A867-FA224AA90D1D}"
EndProject
Project("{2150E333-8FDC-42A3-9474-1A3956D46DE8}") = "Common", "Common", "{E8B6DAD0-043D-478B-AC8A-87FDF0FCFAF1}"
EndProject
Project("{9A19103F-16F7-4668-BE54-9A1E7A4F7556}") = "Common.Extensions", "Common\Common.Extensions\Common.Extensions.csproj", "{7F90CCE2-4E12-4032-ACAD-CE676A6B3701}"
EndProject
Project("{2150E333-8FDC-42A3-9474-1A3956D46DE8}") = "Domain", "Domain", "{0DC65937-8AFF-4BB2-96B7-902B872FE5E9}"
EndProject
Project("{2150E333-8FDC-42A3-9474-1A3956D46DE8}") = "Models", "Models", "{7556B70A-BA84-4E1C-88B1-5BE2F0C3EEE6}"
EndProject
Project("{9A19103F-16F7-4668-BE54-9A1E7A4F7556}") = "Domain.Models", "Domain\Models\Domain.Models\Domain.Models.csproj", "{A15D800C-3DCC-44F1-9DDA-C4B96CD87173}"
EndProject
Global
	GlobalSection(SolutionConfigurationPlatforms) = preSolution
		Debug|Any CPU = Debug|Any CPU
		Release|Any CPU = Release|Any CPU
	EndGlobalSection
	GlobalSection(ProjectConfigurationPlatforms) = postSolution
		{D178256E-0784-486D-A177-E848AB923ECB}.Debug|Any CPU.ActiveCfg = Debug|Any CPU
		{D178256E-0784-486D-A177-E848AB923ECB}.Debug|Any CPU.Build.0 = Debug|Any CPU
		{D178256E-0784-486D-A177-E848AB923ECB}.Release|Any CPU.ActiveCfg = Release|Any CPU
		{D178256E-0784-486D-A177-E848AB923ECB}.Release|Any CPU.Build.0 = Release|Any CPU
		{D11FCDEB-8E45-47A8-8880-FD0834711D2B}.Debug|Any CPU.ActiveCfg = Debug|Any CPU
		{D11FCDEB-8E45-47A8-8880-FD0834711D2B}.Debug|Any CPU.Build.0 = Debug|Any CPU
		{D11FCDEB-8E45-47A8-8880-FD0834711D2B}.Release|Any CPU.ActiveCfg = Release|Any CPU
		{D11FCDEB-8E45-47A8-8880-FD0834711D2B}.Release|Any CPU.Build.0 = Release|Any CPU
		{506CA648-55DA-4942-A2A4-4E7A64995F88}.Debug|Any CPU.ActiveCfg = Debug|Any CPU
		{506CA648-55DA-4942-A2A4-4E7A64995F88}.Debug|Any CPU.Build.0 = Debug|Any CPU
		{506CA648-55DA-4942-A2A4-4E7A64995F88}.Release|Any CPU.ActiveCfg = Release|Any CPU
		{506CA648-55DA-4942-A2A4-4E7A64995F88}.Release|Any CPU.Build.0 = Release|Any CPU
		{17C53D33-1696-4B69-A867-FA224AA90D1D}.Debug|Any CPU.ActiveCfg = Debug|Any CPU
		{17C53D33-1696-4B69-A867-FA224AA90D1D}.Debug|Any CPU.Build.0 = Debug|Any CPU
		{17C53D33-1696-4B69-A867-FA224AA90D1D}.Release|Any CPU.ActiveCfg = Release|Any CPU
		{17C53D33-1696-4B69-A867-FA224AA90D1D}.Release|Any CPU.Build.0 = Release|Any CPU
		{7F90CCE2-4E12-4032-ACAD-CE676A6B3701}.Debug|Any CPU.ActiveCfg = Debug|Any CPU
		{7F90CCE2-4E12-4032-ACAD-CE676A6B3701}.Debug|Any CPU.Build.0 = Debug|Any CPU
		{7F90CCE2-4E12-4032-ACAD-CE676A6B3701}.Release|Any CPU.ActiveCfg = Release|Any CPU
		{7F90CCE2-4E12-4032-ACAD-CE676A6B3701}.Release|Any CPU.Build.0 = Release|Any CPU
		{A15D800C-3DCC-44F1-9DDA-C4B96CD87173}.Debug|Any CPU.ActiveCfg = Debug|Any CPU
		{A15D800C-3DCC-44F1-9DDA-C4B96CD87173}.Debug|Any CPU.Build.0 = Debug|Any CPU
		{A15D800C-3DCC-44F1-9DDA-C4B96CD87173}.Release|Any CPU.ActiveCfg = Release|Any CPU
		{A15D800C-3DCC-44F1-9DDA-C4B96CD87173}.Release|Any CPU.Build.0 = Release|Any CPU
	EndGlobalSection
	GlobalSection(SolutionProperties) = preSolution
		HideSolutionNode = FALSE
	EndGlobalSection
	GlobalSection(NestedProjects) = preSolution
		{5F1D7DE8-216B-42C2-AE5E-1B9F41B63D4B} = {05C6D48F-509E-49CC-A525-52EE5806F120}
		{7A3E25E5-8EA2-4CEA-B289-3397D814383C} = {05C6D48F-509E-49CC-A525-52EE5806F120}
		{039D7BCC-7ABF-4620-A489-EF29D221324F} = {5F1D7DE8-216B-42C2-AE5E-1B9F41B63D4B}
		{5FC8951D-D54D-4147-8152-946E01505172} = {5F1D7DE8-216B-42C2-AE5E-1B9F41B63D4B}
		{D11FCDEB-8E45-47A8-8880-FD0834711D2B} = {039D7BCC-7ABF-4620-A489-EF29D221324F}
		{506CA648-55DA-4942-A2A4-4E7A64995F88} = {5FC8951D-D54D-4147-8152-946E01505172}
		{17C53D33-1696-4B69-A867-FA224AA90D1D} = {7A3E25E5-8EA2-4CEA-B289-3397D814383C}
		{7F90CCE2-4E12-4032-ACAD-CE676A6B3701} = {E8B6DAD0-043D-478B-AC8A-87FDF0FCFAF1}
		{7556B70A-BA84-4E1C-88B1-5BE2F0C3EEE6} = {0DC65937-8AFF-4BB2-96B7-902B872FE5E9}
		{A15D800C-3DCC-44F1-9DDA-C4B96CD87173} = {7556B70A-BA84-4E1C-88B1-5BE2F0C3EEE6}
	EndGlobalSection
	GlobalSection(ExtensibilityGlobals) = postSolution
		SolutionGuid = {AD2A2840-AC61-4363-B46A-BE3CAA54A881}
	EndGlobalSection
EndGlobal
